
Microsoft Visual Studio Solution File, Format Version 12.00
# Visual Studio 15
VisualStudioVersion = 15.0.28307.1401
MinimumVisualStudioVersion = 10.0.40219.1
Project("{FAE04EC0-301F-11D3-BF4B-00C04F79EFBC}") = "PL", "PL\PL.csproj", "{50C6DDB1-5826-47E5-92C2-FE8F7AAA1230}"
EndProject
Project("{FAE04EC0-301F-11D3-BF4B-00C04F79EFBC}") = "DAL", "DAL\DAL.csproj", "{5184EF57-438B-4F69-B350-0729C0039232}"
EndProject
Project("{FAE04EC0-301F-11D3-BF4B-00C04F79EFBC}") = "BLL", "BLL\BLL.csproj", "{1E9161F1-6F67-4615-9C15-98D5A47608B1}"
EndProject
Project("{FAE04EC0-301F-11D3-BF4B-00C04F79EFBC}") = "DataAccess", "DataAccess\DataAccess.csproj", "{0482A1CC-A868-4264-B1F0-DC1DF235C120}"
EndProject
Global
	GlobalSection(SolutionConfigurationPlatforms) = preSolution
		Debug|Any CPU = Debug|Any CPU
		Release|Any CPU = Release|Any CPU
	EndGlobalSection
	GlobalSection(ProjectConfigurationPlatforms) = postSolution
		{50C6DDB1-5826-47E5-92C2-FE8F7AAA1230}.Debug|Any CPU.ActiveCfg = Debug|Any CPU
		{50C6DDB1-5826-47E5-92C2-FE8F7AAA1230}.Debug|Any CPU.Build.0 = Debug|Any CPU
		{50C6DDB1-5826-47E5-92C2-FE8F7AAA1230}.Release|Any CPU.ActiveCfg = Release|Any CPU
		{50C6DDB1-5826-47E5-92C2-FE8F7AAA1230}.Release|Any CPU.Build.0 = Release|Any CPU
		{5184EF57-438B-4F69-B350-0729C0039232}.Debug|Any CPU.ActiveCfg = Debug|Any CPU
		{5184EF57-438B-4F69-B350-0729C0039232}.Debug|Any CPU.Build.0 = Debug|Any CPU
		{5184EF57-438B-4F69-B350-0729C0039232}.Release|Any CPU.ActiveCfg = Release|Any CPU
		{5184EF57-438B-4F69-B350-0729C0039232}.Release|Any CPU.Build.0 = Release|Any CPU
		{1E9161F1-6F67-4615-9C15-98D5A47608B1}.Debug|Any CPU.ActiveCfg = Debug|Any CPU
		{1E9161F1-6F67-4615-9C15-98D5A47608B1}.Debug|Any CPU.Build.0 = Debug|Any CPU
		{1E9161F1-6F67-4615-9C15-98D5A47608B1}.Release|Any CPU.ActiveCfg = Release|Any CPU
		{1E9161F1-6F67-4615-9C15-98D5A47608B1}.Release|Any CPU.Build.0 = Release|Any CPU
		{0482A1CC-A868-4264-B1F0-DC1DF235C120}.Debug|Any CPU.ActiveCfg = Debug|Any CPU
		{0482A1CC-A868-4264-B1F0-DC1DF235C120}.Debug|Any CPU.Build.0 = Debug|Any CPU
		{0482A1CC-A868-4264-B1F0-DC1DF235C120}.Release|Any CPU.ActiveCfg = Release|Any CPU
		{0482A1CC-A868-4264-B1F0-DC1DF235C120}.Release|Any CPU.Build.0 = Release|Any CPU
	EndGlobalSection
	GlobalSection(SolutionProperties) = preSolution
		HideSolutionNode = FALSE
	EndGlobalSection
	GlobalSection(ExtensibilityGlobals) = postSolution
		SolutionGuid = {0E750F50-8DF3-4031-83AD-A9DA1731DAC0}
	EndGlobalSection
EndGlobal
